
Microsoft Visual Studio Solution File, Format Version 12.00
# Visual Studio Version 16
VisualStudioVersion = 16.0.29102.190
MinimumVisualStudioVersion = 10.0.40219.1
Project("{FAE04EC0-301F-11D3-BF4B-00C04F79EFBC}") = "ConsoleApp139", "ConsoleApp139\ConsoleApp139.csproj", "{7260B3A3-CFEE-467B-9C16-8700271B9BE9}"
EndProject
Global
	GlobalSection(SolutionConfigurationPlatforms) = preSolution
		Debug|Any CPU = Debug|Any CPU
		Release|Any CPU = Release|Any CPU
	EndGlobalSection
	GlobalSection(ProjectConfigurationPlatforms) = postSolution
		{7260B3A3-CFEE-467B-9C16-8700271B9BE9}.Debug|Any CPU.ActiveCfg = Debug|Any CPU
		{7260B3A3-CFEE-467B-9C16-8700271B9BE9}.Debug|Any CPU.Build.0 = Debug|Any CPU
		{7260B3A3-CFEE-467B-9C16-8700271B9BE9}.Release|Any CPU.ActiveCfg = Release|Any CPU
		{7260B3A3-CFEE-467B-9C16-8700271B9BE9}.Release|Any CPU.Build.0 = Release|Any CPU
	EndGlobalSection
	GlobalSection(SolutionProperties) = preSolution
		HideSolutionNode = FALSE
	EndGlobalSection
	GlobalSection(ExtensibilityGlobals) = postSolution
		SolutionGuid = {C68A11D4-D081-4D1F-B5BB-93FAB6306C92}
	EndGlobalSection
EndGlobal
