
Microsoft Visual Studio Solution File, Format Version 12.00
# Visual Studio Version 16
VisualStudioVersion = 16.0.29102.190
MinimumVisualStudioVersion = 10.0.40219.1
Project("{FAE04EC0-301F-11D3-BF4B-00C04F79EFBC}") = "kepes_dobokocka", "kepes_dobokocka\kepes_dobokocka.csproj", "{6EEC2458-F64B-4566-A879-8AB5E633BB21}"
EndProject
Global
	GlobalSection(SolutionConfigurationPlatforms) = preSolution
		Debug|Any CPU = Debug|Any CPU
		Release|Any CPU = Release|Any CPU
	EndGlobalSection
	GlobalSection(ProjectConfigurationPlatforms) = postSolution
		{6EEC2458-F64B-4566-A879-8AB5E633BB21}.Debug|Any CPU.ActiveCfg = Debug|Any CPU
		{6EEC2458-F64B-4566-A879-8AB5E633BB21}.Debug|Any CPU.Build.0 = Debug|Any CPU
		{6EEC2458-F64B-4566-A879-8AB5E633BB21}.Release|Any CPU.ActiveCfg = Release|Any CPU
		{6EEC2458-F64B-4566-A879-8AB5E633BB21}.Release|Any CPU.Build.0 = Release|Any CPU
	EndGlobalSection
	GlobalSection(SolutionProperties) = preSolution
		HideSolutionNode = FALSE
	EndGlobalSection
	GlobalSection(ExtensibilityGlobals) = postSolution
		SolutionGuid = {BFB1CFE3-FFFF-43F6-82F0-33DB1129EC05}
	EndGlobalSection
EndGlobal
