
Microsoft Visual Studio Solution File, Format Version 12.00
# Visual Studio Version 16
VisualStudioVersion = 16.0.29102.190
MinimumVisualStudioVersion = 10.0.40219.1
Project("{FAE04EC0-301F-11D3-BF4B-00C04F79EFBC}") = "WpfApp97", "WpfApp97\WpfApp97.csproj", "{D930DE12-D1AB-4FE6-86E7-199B96FB7CFB}"
EndProject
Global
	GlobalSection(SolutionConfigurationPlatforms) = preSolution
		Debug|Any CPU = Debug|Any CPU
		Release|Any CPU = Release|Any CPU
	EndGlobalSection
	GlobalSection(ProjectConfigurationPlatforms) = postSolution
		{D930DE12-D1AB-4FE6-86E7-199B96FB7CFB}.Debug|Any CPU.ActiveCfg = Debug|Any CPU
		{D930DE12-D1AB-4FE6-86E7-199B96FB7CFB}.Debug|Any CPU.Build.0 = Debug|Any CPU
		{D930DE12-D1AB-4FE6-86E7-199B96FB7CFB}.Release|Any CPU.ActiveCfg = Release|Any CPU
		{D930DE12-D1AB-4FE6-86E7-199B96FB7CFB}.Release|Any CPU.Build.0 = Release|Any CPU
	EndGlobalSection
	GlobalSection(SolutionProperties) = preSolution
		HideSolutionNode = FALSE
	EndGlobalSection
	GlobalSection(ExtensibilityGlobals) = postSolution
		SolutionGuid = {B2D0DBEE-83EF-463C-BE3A-3AC0D20FF827}
	EndGlobalSection
EndGlobal
