
Microsoft Visual Studio Solution File, Format Version 12.00
# Visual Studio Version 16
VisualStudioVersion = 16.0.29102.190
MinimumVisualStudioVersion = 10.0.40219.1
Project("{FAE04EC0-301F-11D3-BF4B-00C04F79EFBC}") = "WpfApp96", "WpfApp96\WpfApp96.csproj", "{F762D268-67F4-4CB3-9FDC-88C18890948B}"
EndProject
Global
	GlobalSection(SolutionConfigurationPlatforms) = preSolution
		Debug|Any CPU = Debug|Any CPU
		Release|Any CPU = Release|Any CPU
	EndGlobalSection
	GlobalSection(ProjectConfigurationPlatforms) = postSolution
		{F762D268-67F4-4CB3-9FDC-88C18890948B}.Debug|Any CPU.ActiveCfg = Debug|Any CPU
		{F762D268-67F4-4CB3-9FDC-88C18890948B}.Debug|Any CPU.Build.0 = Debug|Any CPU
		{F762D268-67F4-4CB3-9FDC-88C18890948B}.Release|Any CPU.ActiveCfg = Release|Any CPU
		{F762D268-67F4-4CB3-9FDC-88C18890948B}.Release|Any CPU.Build.0 = Release|Any CPU
	EndGlobalSection
	GlobalSection(SolutionProperties) = preSolution
		HideSolutionNode = FALSE
	EndGlobalSection
	GlobalSection(ExtensibilityGlobals) = postSolution
		SolutionGuid = {FCD34FE8-D85B-4A9C-A417-8E56DBAEE3E8}
	EndGlobalSection
EndGlobal
