
Microsoft Visual Studio Solution File, Format Version 12.00
# Visual Studio Version 16
VisualStudioVersion = 16.0.29102.190
MinimumVisualStudioVersion = 10.0.40219.1
Project("{FAE04EC0-301F-11D3-BF4B-00C04F79EFBC}") = "WpfApp67", "WpfApp67\WpfApp67.csproj", "{9C0DCC59-B63A-4C8C-922E-CB1E3610BD2A}"
EndProject
Global
	GlobalSection(SolutionConfigurationPlatforms) = preSolution
		Debug|Any CPU = Debug|Any CPU
		Release|Any CPU = Release|Any CPU
	EndGlobalSection
	GlobalSection(ProjectConfigurationPlatforms) = postSolution
		{9C0DCC59-B63A-4C8C-922E-CB1E3610BD2A}.Debug|Any CPU.ActiveCfg = Debug|Any CPU
		{9C0DCC59-B63A-4C8C-922E-CB1E3610BD2A}.Debug|Any CPU.Build.0 = Debug|Any CPU
		{9C0DCC59-B63A-4C8C-922E-CB1E3610BD2A}.Release|Any CPU.ActiveCfg = Release|Any CPU
		{9C0DCC59-B63A-4C8C-922E-CB1E3610BD2A}.Release|Any CPU.Build.0 = Release|Any CPU
	EndGlobalSection
	GlobalSection(SolutionProperties) = preSolution
		HideSolutionNode = FALSE
	EndGlobalSection
	GlobalSection(ExtensibilityGlobals) = postSolution
		SolutionGuid = {E5CABDC6-566A-4D6F-B9CD-782E83C9C5C7}
	EndGlobalSection
EndGlobal
